// !$*UTF8*$!
{
	archiveVersion = 1;
	classes = {
	};
	objectVersion = 56;
	objects = {

/* Begin PBXBuildFile section */
		02F796562A84F31A00AA970E /* AppDelegate.swift in Sources */ = {isa = PBXBuildFile; fileRef = 02F796552A84F31A00AA970E /* AppDelegate.swift */; };
		02F796582A84F31A00AA970E /* SceneDelegate.swift in Sources */ = {isa = PBXBuildFile; fileRef = 02F796572A84F31A00AA970E /* SceneDelegate.swift */; };
		02F7965A2A84F31A00AA970E /* ViewController.swift in Sources */ = {isa = PBXBuildFile; fileRef = 02F796592A84F31A00AA970E /* ViewController.swift */; };
		02F7965D2A84F31A00AA970E /* Main.storyboard in Resources */ = {isa = PBXBuildFile; fileRef = 02F7965B2A84F31A00AA970E /* Main.storyboard */; };
		02F7965F2A84F31B00AA970E /* Assets.xcassets in Resources */ = {isa = PBXBuildFile; fileRef = 02F7965E2A84F31B00AA970E /* Assets.xcassets */; };
		02F796622A84F31B00AA970E /* LaunchScreen.storyboard in Resources */ = {isa = PBXBuildFile; fileRef = 02F796602A84F31B00AA970E /* LaunchScreen.storyboard */; };
		02F7966D2A84F31B00AA970E /* firstappkaTests.swift in Sources */ = {isa = PBXBuildFile; fileRef = 02F7966C2A84F31B00AA970E /* firstappkaTests.swift */; };
		02F796772A84F31B00AA970E /* firstappkaUITests.swift in Sources */ = {isa = PBXBuildFile; fileRef = 02F796762A84F31B00AA970E /* firstappkaUITests.swift */; };
		02F796792A84F31B00AA970E /* firstappkaUITestsLaunchTests.swift in Sources */ = {isa = PBXBuildFile; fileRef = 02F796782A84F31B00AA970E /* firstappkaUITestsLaunchTests.swift */; };
/* End PBXBuildFile section */

/* Begin PBXContainerItemProxy section */
		02F796692A84F31B00AA970E /* PBXContainerItemProxy */ = {
			isa = PBXContainerItemProxy;
			containerPortal = 02F7964A2A84F31A00AA970E /* Project object */;
			proxyType = 1;
			remoteGlobalIDString = 02F796512A84F31A00AA970E;
			remoteInfo = firstappka;
		};
		02F796732A84F31B00AA970E /* PBXContainerItemProxy */ = {
			isa = PBXContainerItemProxy;
			containerPortal = 02F7964A2A84F31A00AA970E /* Project object */;
			proxyType = 1;
			remoteGlobalIDString = 02F796512A84F31A00AA970E;
			remoteInfo = firstappka;
		};
/* End PBXContainerItemProxy section */

/* Begin PBXFileReference section */
		02F796522A84F31A00AA970E /* firstappka.app */ = {isa = PBXFileReference; explicitFileType = wrapper.application; includeInIndex = 0; path = firstappka.app; sourceTree = BUILT_PRODUCTS_DIR; };
		02F796552A84F31A00AA970E /* AppDelegate.swift */ = {isa = PBXFileReference; lastKnownFileType = sourcecode.swift; path = AppDelegate.swift; sourceTree = "<group>"; };
		02F796572A84F31A00AA970E /* SceneDelegate.swift */ = {isa = PBXFileReference; lastKnownFileType = sourcecode.swift; path = SceneDelegate.swift; sourceTree = "<group>"; };
		02F796592A84F31A00AA970E /* ViewController.swift */ = {isa = PBXFileReference; lastKnownFileType = sourcecode.swift; path = ViewController.swift; sourceTree = "<group>"; };
		02F7965C2A84F31A00AA970E /* Base */ = {isa = PBXFileReference; lastKnownFileType = file.storyboard; name = Base; path = Base.lproj/Main.storyboard; sourceTree = "<group>"; };
		02F7965E2A84F31B00AA970E /* Assets.xcassets */ = {isa = PBXFileReference; lastKnownFileType = folder.assetcatalog; path = Assets.xcassets; sourceTree = "<group>"; };
		02F796612A84F31B00AA970E /* Base */ = {isa = PBXFileReference; lastKnownFileType = file.storyboard; name = Base; path = Base.lproj/LaunchScreen.storyboard; sourceTree = "<group>"; };
		02F796632A84F31B00AA970E /* Info.plist */ = {isa = PBXFileReference; lastKnownFileType = text.plist.xml; path = Info.plist; sourceTree = "<group>"; };
		02F796682A84F31B00AA970E /* firstappkaTests.xctest */ = {isa = PBXFileReference; explicitFileType = wrapper.cfbundle; includeInIndex = 0; path = firstappkaTests.xctest; sourceTree = BUILT_PRODUCTS_DIR; };
		02F7966C2A84F31B00AA970E /* firstappkaTests.swift */ = {isa = PBXFileReference; lastKnownFileType = sourcecode.swift; path = firstappkaTests.swift; sourceTree = "<group>"; };
		02F796722A84F31B00AA970E /* firstappkaUITests.xctest */ = {isa = PBXFileReference; explicitFileType = wrapper.cfbundle; includeInIndex = 0; path = firstappkaUITests.xctest; sourceTree = BUILT_PRODUCTS_DIR; };
		02F796762A84F31B00AA970E /* firstappkaUITests.swift */ = {isa = PBXFileReference; lastKnownFileType = sourcecode.swift; path = firstappkaUITests.swift; sourceTree = "<group>"; };
		02F796782A84F31B00AA970E /* firstappkaUITestsLaunchTests.swift */ = {isa = PBXFileReference; lastKnownFileType = sourcecode.swift; path = firstappkaUITestsLaunchTests.swift; sourceTree = "<group>"; };
/* End PBXFileReference section */

/* Begin PBXFrameworksBuildPhase section */
		02F7964F2A84F31A00AA970E /* Frameworks */ = {
			isa = PBXFrameworksBuildPhase;
			buildActionMask = 2147483647;
			files = (
			);
			runOnlyForDeploymentPostprocessing = 0;
		};
		02F796652A84F31B00AA970E /* Frameworks */ = {
			isa = PBXFrameworksBuildPhase;
			buildActionMask = 2147483647;
			files = (
			);
			runOnlyForDeploymentPostprocessing = 0;
		};
		02F7966F2A84F31B00AA970E /* Frameworks */ = {
			isa = PBXFrameworksBuildPhase;
			buildActionMask = 2147483647;
			files = (
			);
			runOnlyForDeploymentPostprocessing = 0;
		};
/* End PBXFrameworksBuildPhase section */

/* Begin PBXGroup section */
		02F796492A84F31A00AA970E = {
			isa = PBXGroup;
			children = (
				02F796542A84F31A00AA970E /* firstappka */,
				02F7966B2A84F31B00AA970E /* firstappkaTests */,
				02F796752A84F31B00AA970E /* firstappkaUITests */,
				02F796532A84F31A00AA970E /* Products */,
			);
			sourceTree = "<group>";
		};
		02F796532A84F31A00AA970E /* Products */ = {
			isa = PBXGroup;
			children = (
				02F796522A84F31A00AA970E /* firstappka.app */,
				02F796682A84F31B00AA970E /* firstappkaTests.xctest */,
				02F796722A84F31B00AA970E /* firstappkaUITests.xctest */,
			);
			name = Products;
			sourceTree = "<group>";
		};
		02F796542A84F31A00AA970E /* firstappka */ = {
			isa = PBXGroup;
			children = (
				02F796552A84F31A00AA970E /* AppDelegate.swift */,
				02F796572A84F31A00AA970E /* SceneDelegate.swift */,
				02F796592A84F31A00AA970E /* ViewController.swift */,
				02F7965B2A84F31A00AA970E /* Main.storyboard */,
				02F7965E2A84F31B00AA970E /* Assets.xcassets */,
				02F796602A84F31B00AA970E /* LaunchScreen.storyboard */,
				02F796632A84F31B00AA970E /* Info.plist */,
			);
			path = firstappka;
			sourceTree = "<group>";
		};
		02F7966B2A84F31B00AA970E /* firstappkaTests */ = {
			isa = PBXGroup;
			children = (
				02F7966C2A84F31B00AA970E /* firstappkaTests.swift */,
			);
			path = firstappkaTests;
			sourceTree = "<group>";
		};
		02F796752A84F31B00AA970E /* firstappkaUITests */ = {
			isa = PBXGroup;
			children = (
				02F796762A84F31B00AA970E /* firstappkaUITests.swift */,
				02F796782A84F31B00AA970E /* firstappkaUITestsLaunchTests.swift */,
			);
			path = firstappkaUITests;
			sourceTree = "<group>";
		};
/* End PBXGroup section */

/* Begin PBXNativeTarget section */
		02F796512A84F31A00AA970E /* firstappka */ = {
			isa = PBXNativeTarget;
			buildConfigurationList = 02F7967C2A84F31B00AA970E /* Build configuration list for PBXNativeTarget "firstappka" */;
			buildPhases = (
				02F7964E2A84F31A00AA970E /* Sources */,
				02F7964F2A84F31A00AA970E /* Frameworks */,
				02F796502A84F31A00AA970E /* Resources */,
			);
			buildRules = (
			);
			dependencies = (
			);
			name = firstappka;
			productName = firstappka;
			productReference = 02F796522A84F31A00AA970E /* firstappka.app */;
			productType = "com.apple.product-type.application";
		};
		02F796672A84F31B00AA970E /* firstappkaTests */ = {
			isa = PBXNativeTarget;
			buildConfigurationList = 02F7967F2A84F31B00AA970E /* Build configuration list for PBXNativeTarget "firstappkaTests" */;
			buildPhases = (
				02F796642A84F31B00AA970E /* Sources */,
				02F796652A84F31B00AA970E /* Frameworks */,
				02F796662A84F31B00AA970E /* Resources */,
			);
			buildRules = (
			);
			dependencies = (
				02F7966A2A84F31B00AA970E /* PBXTargetDependency */,
			);
			name = firstappkaTests;
			productName = firstappkaTests;
			productReference = 02F796682A84F31B00AA970E /* firstappkaTests.xctest */;
			productType = "com.apple.product-type.bundle.unit-test";
		};
		02F796712A84F31B00AA970E /* firstappkaUITests */ = {
			isa = PBXNativeTarget;
			buildConfigurationList = 02F796822A84F31B00AA970E /* Build configuration list for PBXNativeTarget "firstappkaUITests" */;
			buildPhases = (
				02F7966E2A84F31B00AA970E /* Sources */,
				02F7966F2A84F31B00AA970E /* Frameworks */,
				02F796702A84F31B00AA970E /* Resources */,
			);
			buildRules = (
			);
			dependencies = (
				02F796742A84F31B00AA970E /* PBXTargetDependency */,
			);
			name = firstappkaUITests;
			productName = firstappkaUITests;
			productReference = 02F796722A84F31B00AA970E /* firstappkaUITests.xctest */;
			productType = "com.apple.product-type.bundle.ui-testing";
		};
/* End PBXNativeTarget section */

/* Begin PBXProject section */
		02F7964A2A84F31A00AA970E /* Project object */ = {
			isa = PBXProject;
			attributes = {
				BuildIndependentTargetsInParallel = 1;
				LastSwiftUpdateCheck = 1430;
				LastUpgradeCheck = 1430;
				TargetAttributes = {
					02F796512A84F31A00AA970E = {
						CreatedOnToolsVersion = 14.3;
					};
					02F796672A84F31B00AA970E = {
						CreatedOnToolsVersion = 14.3;
						TestTargetID = 02F796512A84F31A00AA970E;
					};
					02F796712A84F31B00AA970E = {
						CreatedOnToolsVersion = 14.3;
						TestTargetID = 02F796512A84F31A00AA970E;
					};
				};
			};
			buildConfigurationList = 02F7964D2A84F31A00AA970E /* Build configuration list for PBXProject "firstappka" */;
			compatibilityVersion = "Xcode 14.0";
			developmentRegion = en;
			hasScannedForEncodings = 0;
			knownRegions = (
				en,
				Base,
			);
			mainGroup = 02F796492A84F31A00AA970E;
			productRefGroup = 02F796532A84F31A00AA970E /* Products */;
			projectDirPath = "";
			projectRoot = "";
			targets = (
				02F796512A84F31A00AA970E /* firstappka */,
				02F796672A84F31B00AA970E /* firstappkaTests */,
				02F796712A84F31B00AA970E /* firstappkaUITests */,
			);
		};
/* End PBXProject section */

/* Begin PBXResourcesBuildPhase section */
		02F796502A84F31A00AA970E /* Resources */ = {
			isa = PBXResourcesBuildPhase;
			buildActionMask = 2147483647;
			files = (
				02F796622A84F31B00AA970E /* LaunchScreen.storyboard in Resources */,
				02F7965F2A84F31B00AA970E /* Assets.xcassets in Resources */,
				02F7965D2A84F31A00AA970E /* Main.storyboard in Resources */,
			);
			runOnlyForDeploymentPostprocessing = 0;
		};
		02F796662A84F31B00AA970E /* Resources */ = {
			isa = PBXResourcesBuildPhase;
			buildActionMask = 2147483647;
			files = (
			);
			runOnlyForDeploymentPostprocessing = 0;
		};
		02F796702A84F31B00AA970E /* Resources */ = {
			isa = PBXResourcesBuildPhase;
			buildActionMask = 2147483647;
			files = (
			);
			runOnlyForDeploymentPostprocessing = 0;
		};
/* End PBXResourcesBuildPhase section */

/* Begin PBXSourcesBuildPhase section */
		02F7964E2A84F31A00AA970E /* Sources */ = {
			isa = PBXSourcesBuildPhase;
			buildActionMask = 2147483647;
			files = (
				02F7965A2A84F31A00AA970E /* ViewController.swift in Sources */,
				02F796562A84F31A00AA970E /* AppDelegate.swift in Sources */,
				02F796582A84F31A00AA970E /* SceneDelegate.swift in Sources */,
			);
			runOnlyForDeploymentPostprocessing = 0;
		};
		02F796642A84F31B00AA970E /* Sources */ = {
			isa = PBXSourcesBuildPhase;
			buildActionMask = 2147483647;
			files = (
				02F7966D2A84F31B00AA970E /* firstappkaTests.swift in Sources */,
			);
			runOnlyForDeploymentPostprocessing = 0;
		};
		02F7966E2A84F31B00AA970E /* Sources */ = {
			isa = PBXSourcesBuildPhase;
			buildActionMask = 2147483647;
			files = (
				02F796772A84F31B00AA970E /* firstappkaUITests.swift in Sources */,
				02F796792A84F31B00AA970E /* firstappkaUITestsLaunchTests.swift in Sources */,
			);
			runOnlyForDeploymentPostprocessing = 0;
		};
/* End PBXSourcesBuildPhase section */

/* Begin PBXTargetDependency section */
		02F7966A2A84F31B00AA970E /* PBXTargetDependency */ = {
			isa = PBXTargetDependency;
			target = 02F796512A84F31A00AA970E /* firstappka */;
			targetProxy = 02F796692A84F31B00AA970E /* PBXContainerItemProxy */;
		};
		02F796742A84F31B00AA970E /* PBXTargetDependency */ = {
			isa = PBXTargetDependency;
			target = 02F796512A84F31A00AA970E /* firstappka */;
			targetProxy = 02F796732A84F31B00AA970E /* PBXContainerItemProxy */;
		};
/* End PBXTargetDependency section */

/* Begin PBXVariantGroup section */
		02F7965B2A84F31A00AA970E /* Main.storyboard */ = {
			isa = PBXVariantGroup;
			children = (
				02F7965C2A84F31A00AA970E /* Base */,
			);
			name = Main.storyboard;
			sourceTree = "<group>";
		};
		02F796602A84F31B00AA970E /* LaunchScreen.storyboard */ = {
			isa = PBXVariantGroup;
			children = (
				02F796612A84F31B00AA970E /* Base */,
			);
			name = LaunchScreen.storyboard;
			sourceTree = "<group>";
		};
/* End PBXVariantGroup section */

/* Begin XCBuildConfiguration section */
		02F7967A2A84F31B00AA970E /* Debug */ = {
			isa = XCBuildConfiguration;
			buildSettings = {
				ALWAYS_SEARCH_USER_PATHS = NO;
				CLANG_ANALYZER_NONNULL = YES;
				CLANG_ANALYZER_NUMBER_OBJECT_CONVERSION = YES_AGGRESSIVE;
				CLANG_CXX_LANGUAGE_STANDARD = "gnu++20";
				CLANG_ENABLE_MODULES = YES;
				CLANG_ENABLE_OBJC_ARC = YES;
				CLANG_ENABLE_OBJC_WEAK = YES;
				CLANG_WARN_BLOCK_CAPTURE_AUTORELEASING = YES;
				CLANG_WARN_BOOL_CONVERSION = YES;
				CLANG_WARN_COMMA = YES;
				CLANG_WARN_CONSTANT_CONVERSION = YES;
				CLANG_WARN_DEPRECATED_OBJC_IMPLEMENTATIONS = YES;
				CLANG_WARN_DIRECT_OBJC_ISA_USAGE = YES_ERROR;
				CLANG_WARN_DOCUMENTATION_COMMENTS = YES;
				CLANG_WARN_EMPTY_BODY = YES;
				CLANG_WARN_ENUM_CONVERSION = YES;
				CLANG_WARN_INFINITE_RECURSION = YES;
				CLANG_WARN_INT_CONVERSION = YES;
				CLANG_WARN_NON_LITERAL_NULL_CONVERSION = YES;
				CLANG_WARN_OBJC_IMPLICIT_RETAIN_SELF = YES;
				CLANG_WARN_OBJC_LITERAL_CONVERSION = YES;
				CLANG_WARN_OBJC_ROOT_CLASS = YES_ERROR;
				CLANG_WARN_QUOTED_INCLUDE_IN_FRAMEWORK_HEADER = YES;
				CLANG_WARN_RANGE_LOOP_ANALYSIS = YES;
				CLANG_WARN_STRICT_PROTOTYPES = YES;
				CLANG_WARN_SUSPICIOUS_MOVE = YES;
				CLANG_WARN_UNGUARDED_AVAILABILITY = YES_AGGRESSIVE;
				CLANG_WARN_UNREACHABLE_CODE = YES;
				CLANG_WARN__DUPLICATE_METHOD_MATCH = YES;
				COPY_PHASE_STRIP = NO;
				DEBUG_INFORMATION_FORMAT = dwarf;
				ENABLE_STRICT_OBJC_MSGSEND = YES;
				ENABLE_TESTABILITY = YES;
				GCC_C_LANGUAGE_STANDARD = gnu11;
				GCC_DYNAMIC_NO_PIC = NO;
				GCC_NO_COMMON_BLOCKS = YES;
				GCC_OPTIMIZATION_LEVEL = 0;
				GCC_PREPROCESSOR_DEFINITIONS = (
					"DEBUG=1",
					"$(inherited)",
				);
				GCC_WARN_64_TO_32_BIT_CONVERSION = YES;
				GCC_WARN_ABOUT_RETURN_TYPE = YES_ERROR;
				GCC_WARN_UNDECLARED_SELECTOR = YES;
				GCC_WARN_UNINITIALIZED_AUTOS = YES_AGGRESSIVE;
				GCC_WARN_UNUSED_FUNCTION = YES;
				GCC_WARN_UNUSED_VARIABLE = YES;
				IPHONEOS_DEPLOYMENT_TARGET = 16.4;
				MTL_ENABLE_DEBUG_INFO = INCLUDE_SOURCE;
				MTL_FAST_MATH = YES;
				ONLY_ACTIVE_ARCH = YES;
				SDKROOT = iphoneos;
				SWIFT_ACTIVE_COMPILATION_CONDITIONS = DEBUG;
				SWIFT_OPTIMIZATION_LEVEL = "-Onone";
			};
			name = Debug;
		};
		02F7967B2A84F31B00AA970E /* Release */ = {
			isa = XCBuildConfiguration;
			buildSettings = {
				ALWAYS_SEARCH_USER_PATHS = NO;
				CLANG_ANALYZER_NONNULL = YES;
				CLANG_ANALYZER_NUMBER_OBJECT_CONVERSION = YES_AGGRESSIVE;
				CLANG_CXX_LANGUAGE_STANDARD = "gnu++20";
				CLANG_ENABLE_MODULES = YES;
				CLANG_ENABLE_OBJC_ARC = YES;
				CLANG_ENABLE_OBJC_WEAK = YES;
				CLANG_WARN_BLOCK_CAPTURE_AUTORELEASING = YES;
				CLANG_WARN_BOOL_CONVERSION = YES;
				CLANG_WARN_COMMA = YES;
				CLANG_WARN_CONSTANT_CONVERSION = YES;
				CLANG_WARN_DEPRECATED_OBJC_IMPLEMENTATIONS = YES;
				CLANG_WARN_DIRECT_OBJC_ISA_USAGE = YES_ERROR;
				CLANG_WARN_DOCUMENTATION_COMMENTS = YES;
				CLANG_WARN_EMPTY_BODY = YES;
				CLANG_WARN_ENUM_CONVERSION = YES;
				CLANG_WARN_INFINITE_RECURSION = YES;
				CLANG_WARN_INT_CONVERSION = YES;
				CLANG_WARN_NON_LITERAL_NULL_CONVERSION = YES;
				CLANG_WARN_OBJC_IMPLICIT_RETAIN_SELF = YES;
				CLANG_WARN_OBJC_LITERAL_CONVERSION = YES;
				CLANG_WARN_OBJC_ROOT_CLASS = YES_ERROR;
				CLANG_WARN_QUOTED_INCLUDE_IN_FRAMEWORK_HEADER = YES;
				CLANG_WARN_RANGE_LOOP_ANALYSIS = YES;
				CLANG_WARN_STRICT_PROTOTYPES = YES;
				CLANG_WARN_SUSPICIOUS_MOVE = YES;
				CLANG_WARN_UNGUARDED_AVAILABILITY = YES_AGGRESSIVE;
				CLANG_WARN_UNREACHABLE_CODE = YES;
				CLANG_WARN__DUPLICATE_METHOD_MATCH = YES;
				COPY_PHASE_STRIP = NO;
				DEBUG_INFORMATION_FORMAT = "dwarf-with-dsym";
				ENABLE_NS_ASSERTIONS = NO;
				ENABLE_STRICT_OBJC_MSGSEND = YES;
				GCC_C_LANGUAGE_STANDARD = gnu11;
				GCC_NO_COMMON_BLOCKS = YES;
				GCC_WARN_64_TO_32_BIT_CONVERSION = YES;
				GCC_WARN_ABOUT_RETURN_TYPE = YES_ERROR;
				GCC_WARN_UNDECLARED_SELECTOR = YES;
				GCC_WARN_UNINITIALIZED_AUTOS = YES_AGGRESSIVE;
				GCC_WARN_UNUSED_FUNCTION = YES;
				GCC_WARN_UNUSED_VARIABLE = YES;
				IPHONEOS_DEPLOYMENT_TARGET = 16.4;
				MTL_ENABLE_DEBUG_INFO = NO;
				MTL_FAST_MATH = YES;
				SDKROOT = iphoneos;
				SWIFT_COMPILATION_MODE = wholemodule;
				SWIFT_OPTIMIZATION_LEVEL = "-O";
				VALIDATE_PRODUCT = YES;
			};
			name = Release;
		};
		02F7967D2A84F31B00AA970E /* Debug */ = {
			isa = XCBuildConfiguration;
			buildSettings = {
				ASSETCATALOG_COMPILER_APPICON_NAME = AppIcon;
				ASSETCATALOG_COMPILER_GLOBAL_ACCENT_COLOR_NAME = AccentColor;
				CODE_SIGN_STYLE = Automatic;
				CURRENT_PROJECT_VERSION = 1;
				DEVELOPMENT_TEAM = YN4D77ASLB;
				GENERATE_INFOPLIST_FILE = YES;
				INFOPLIST_FILE = firstappka/Info.plist;
				INFOPLIST_KEY_CFBundleDisplayName = firstappka;
				INFOPLIST_KEY_UIApplicationSupportsIndirectInputEvents = YES;
				INFOPLIST_KEY_UILaunchStoryboardName = LaunchScreen.storyboard;
				INFOPLIST_KEY_UIMainStoryboardFile = Main;
				INFOPLIST_KEY_UISupportedInterfaceOrientations_iPad = "UIInterfaceOrientationPortrait UIInterfaceOrientationPortraitUpsideDown UIInterfaceOrientationLandscapeLeft UIInterfaceOrientationLandscapeRight";
				INFOPLIST_KEY_UISupportedInterfaceOrientations_iPhone = "UIInterfaceOrientationPortrait UIInterfaceOrientationLandscapeLeft UIInterfaceOrientationLandscapeRight";
				IPHONEOS_DEPLOYMENT_TARGET = 16.0;
				LD_RUNPATH_SEARCH_PATHS = (
					"$(inherited)",
					"@executable_path/Frameworks",
				);
				MARKETING_VERSION = 1.0;
				PRODUCT_BUNDLE_IDENTIFIER = mobyDev.kz.firstappka;
				PRODUCT_NAME = "$(TARGET_NAME)";
				SUPPORTED_PLATFORMS = "iphoneos iphonesimulator";
				SUPPORTS_MACCATALYST = NO;
				SUPPORTS_MAC_DESIGNED_FOR_IPHONE_IPAD = NO;
				SWIFT_EMIT_LOC_STRINGS = YES;
				SWIFT_VERSION = 5.0;
				TARGETED_DEVICE_FAMILY = 1;
			};
			name = Debug;
		};
		02F7967E2A84F31B00AA970E /* Release */ = {
			isa = XCBuildConfiguration;
			buildSettings = {
				ASSETCATALOG_COMPILER_APPICON_NAME = AppIcon;
				ASSETCATALOG_COMPILER_GLOBAL_ACCENT_COLOR_NAME = AccentColor;
				CODE_SIGN_STYLE = Automatic;
				CURRENT_PROJECT_VERSION = 1;
				DEVELOPMENT_TEAM = YN4D77ASLB;
				GENERATE_INFOPLIST_FILE = YES;
				INFOPLIST_FILE = firstappka/Info.plist;
				INFOPLIST_KEY_CFBundleDisplayName = firstappka;
				INFOPLIST_KEY_UIApplicationSupportsIndirectInputEvents = YES;
				INFOPLIST_KEY_UILaunchStoryboardName = LaunchScreen.storyboard;
				INFOPLIST_KEY_UIMainStoryboardFile = Main;
				INFOPLIST_KEY_UISupportedInterfaceOrientations_iPad = "UIInterfaceOrientationPortrait UIInterfaceOrientationPortraitUpsideDown UIInterfaceOrientationLandscapeLeft UIInterfaceOrientationLandscapeRight";
				INFOPLIST_KEY_UISupportedInterfaceOrientations_iPhone = "UIInterfaceOrientationPortrait UIInterfaceOrientationLandscapeLeft UIInterfaceOrientationLandscapeRight";
				IPHONEOS_DEPLOYMENT_TARGET = 16.0;
				LD_RUNPATH_SEARCH_PATHS = (
					"$(inherited)",
					"@executable_path/Frameworks",
				);
				MARKETING_VERSION = 1.0;
				PRODUCT_BUNDLE_IDENTIFIER = mobyDev.kz.firstappka;
				PRODUCT_NAME = "$(TARGET_NAME)";
				SUPPORTED_PLATFORMS = "iphoneos iphonesimulator";
				SUPPORTS_MACCATALYST = NO;
				SUPPORTS_MAC_DESIGNED_FOR_IPHONE_IPAD = NO;
				SWIFT_EMIT_LOC_STRINGS = YES;
				SWIFT_VERSION = 5.0;
				TARGETED_DEVICE_FAMILY = 1;
			};
			name = Release;
		};
		02F796802A84F31B00AA970E /* Debug */ = {
			isa = XCBuildConfiguration;
			buildSettings = {
				ALWAYS_EMBED_SWIFT_STANDARD_LIBRARIES = YES;
				BUNDLE_LOADER = "$(TEST_HOST)";
				CODE_SIGN_STYLE = Automatic;
				CURRENT_PROJECT_VERSION = 1;
				DEVELOPMENT_TEAM = YN4D77ASLB;
				GENERATE_INFOPLIST_FILE = YES;
				IPHONEOS_DEPLOYMENT_TARGET = 16.4;
				MARKETING_VERSION = 1.0;
				PRODUCT_BUNDLE_IDENTIFIER = mobyDev.kz.firstappkaTests;
				PRODUCT_NAME = "$(TARGET_NAME)";
				SWIFT_EMIT_LOC_STRINGS = NO;
				SWIFT_VERSION = 5.0;
				TARGETED_DEVICE_FAMILY = "1,2";
				TEST_HOST = "$(BUILT_PRODUCTS_DIR)/firstappka.app/$(BUNDLE_EXECUTABLE_FOLDER_PATH)/firstappka";
			};
			name = Debug;
		};
		02F796812A84F31B00AA970E /* Release */ = {
			isa = XCBuildConfiguration;
			buildSettings = {
				ALWAYS_EMBED_SWIFT_STANDARD_LIBRARIES = YES;
				BUNDLE_LOADER = "$(TEST_HOST)";
				CODE_SIGN_STYLE = Automatic;
				CURRENT_PROJECT_VERSION = 1;
				DEVELOPMENT_TEAM = YN4D77ASLB;
				GENERATE_INFOPLIST_FILE = YES;
				IPHONEOS_DEPLOYMENT_TARGET = 16.4;
				MARKETING_VERSION = 1.0;
				PRODUCT_BUNDLE_IDENTIFIER = mobyDev.kz.firstappkaTests;
				PRODUCT_NAME = "$(TARGET_NAME)";
				SWIFT_EMIT_LOC_STRINGS = NO;
				SWIFT_VERSION = 5.0;
				TARGETED_DEVICE_FAMILY = "1,2";
				TEST_HOST = "$(BUILT_PRODUCTS_DIR)/firstappka.app/$(BUNDLE_EXECUTABLE_FOLDER_PATH)/firstappka";
			};
			name = Release;
		};
		02F796832A84F31B00AA970E /* Debug */ = {
			isa = XCBuildConfiguration;
			buildSettings = {
				ALWAYS_EMBED_SWIFT_STANDARD_LIBRARIES = YES;
				CODE_SIGN_STYLE = Automatic;
				CURRENT_PROJECT_VERSION = 1;
				DEVELOPMENT_TEAM = YN4D77ASLB;
				GENERATE_INFOPLIST_FILE = YES;
				MARKETING_VERSION = 1.0;
				PRODUCT_BUNDLE_IDENTIFIER = mobyDev.kz.firstappkaUITests;
				PRODUCT_NAME = "$(TARGET_NAME)";
				SWIFT_EMIT_LOC_STRINGS = NO;
				SWIFT_VERSION = 5.0;
				TARGETED_DEVICE_FAMILY = "1,2";
				TEST_TARGET_NAME = firstappka;
			};
			name = Debug;
		};
		02F796842A84F31B00AA970E /* Release */ = {
			isa = XCBuildConfiguration;
			buildSettings = {
				ALWAYS_EMBED_SWIFT_STANDARD_LIBRARIES = YES;
				CODE_SIGN_STYLE = Automatic;
				CURRENT_PROJECT_VERSION = 1;
				DEVELOPMENT_TEAM = YN4D77ASLB;
				GENERATE_INFOPLIST_FILE = YES;
				MARKETING_VERSION = 1.0;
				PRODUCT_BUNDLE_IDENTIFIER = mobyDev.kz.firstappkaUITests;
				PRODUCT_NAME = "$(TARGET_NAME)";
				SWIFT_EMIT_LOC_STRINGS = NO;
				SWIFT_VERSION = 5.0;
				TARGETED_DEVICE_FAMILY = "1,2";
				TEST_TARGET_NAME = firstappka;
			};
			name = Release;
		};
/* End XCBuildConfiguration section */

/* Begin XCConfigurationList section */
		02F7964D2A84F31A00AA970E /* Build configuration list for PBXProject "firstappka" */ = {
			isa = XCConfigurationList;
			buildConfigurations = (
				02F7967A2A84F31B00AA970E /* Debug */,
				02F7967B2A84F31B00AA970E /* Release */,
			);
			defaultConfigurationIsVisible = 0;
			defaultConfigurationName = Release;
		};
		02F7967C2A84F31B00AA970E /* Build configuration list for PBXNativeTarget "firstappka" */ = {
			isa = XCConfigurationList;
			buildConfigurations = (
				02F7967D2A84F31B00AA970E /* Debug */,
				02F7967E2A84F31B00AA970E /* Release */,
			);
			defaultConfigurationIsVisible = 0;
			defaultConfigurationName = Release;
		};
		02F7967F2A84F31B00AA970E /* Build configuration list for PBXNativeTarget "firstappkaTests" */ = {
			isa = XCConfigurationList;
			buildConfigurations = (
				02F796802A84F31B00AA970E /* Debug */,
				02F796812A84F31B00AA970E /* Release */,
			);
			defaultConfigurationIsVisible = 0;
			defaultConfigurationName = Release;
		};
		02F796822A84F31B00AA970E /* Build configuration list for PBXNativeTarget "firstappkaUITests" */ = {
			isa = XCConfigurationList;
			buildConfigurations = (
				02F796832A84F31B00AA970E /* Debug */,
				02F796842A84F31B00AA970E /* Release */,
			);
			defaultConfigurationIsVisible = 0;
			defaultConfigurationName = Release;
		};
/* End XCConfigurationList section */
	};
	rootObject = 02F7964A2A84F31A00AA970E /* Project object */;
}
